
Microsoft Visual Studio Solution File, Format Version 12.00
# Visual Studio Version 17
VisualStudioVersion = 17.5.002.0
MinimumVisualStudioVersion = 10.0.40219.1
Project("{2150E333-8FDC-42A3-9474-1A3956D46DE8}") = "csharp-prep", "csharp-prep", "{5D858010-8DF7-4050-9884-C43365C6C92E}"
EndProject
Project("{9A19103F-16F7-4668-BE54-9A1E7A4F7556}") = "Prep1", "csharp-prep\Prep1\Prep1.csproj", "{1F44EC47-8129-485D-A686-212E8C80F31C}"
EndProject
Project("{9A19103F-16F7-4668-BE54-9A1E7A4F7556}") = "Prep2", "csharp-prep\Prep2\Prep2.csproj", "{795CCA1E-2BBF-47FD-8B85-F0DC4607F19C}"
EndProject
Project("{9A19103F-16F7-4668-BE54-9A1E7A4F7556}") = "Prep3", "csharp-prep\Prep3\Prep3.csproj", "{76215491-EB8D-4B8A-B779-09F5E83D9668}"
EndProject
Project("{9A19103F-16F7-4668-BE54-9A1E7A4F7556}") = "Prep4", "csharp-prep\Prep4\Prep4.csproj", "{9EC80A0B-6E3B-4E9A-90B2-750BD913A36E}"
EndProject
Project("{9A19103F-16F7-4668-BE54-9A1E7A4F7556}") = "Prep5", "csharp-prep\Prep5\Prep5.csproj", "{F980136F-3331-4643-B4D9-588D66C09C3B}"
EndProject
Project("{2150E333-8FDC-42A3-9474-1A3956D46DE8}") = "final", "final", "{01F12CF9-ADD7-426D-9E24-72B333C30BAB}"
EndProject
Project("{9A19103F-16F7-4668-BE54-9A1E7A4F7556}") = "FinalProject", "final\FinalProject\FinalProject.csproj", "{3355B253-338B-4736-9B24-A33E1C9B3FDC}"
EndProject
Project("{9A19103F-16F7-4668-BE54-9A1E7A4F7556}") = "Foundation1", "final\Foundation1\Foundation1.csproj", "{3EE0BBA9-9A7F-445B-8E18-041AB4AA7C96}"
EndProject
Project("{9A19103F-16F7-4668-BE54-9A1E7A4F7556}") = "Foundation2", "final\Foundation2\Foundation2.csproj", "{A79ED716-2D5E-4CA0-948E-D63E52406E76}"
EndProject
Project("{9A19103F-16F7-4668-BE54-9A1E7A4F7556}") = "Foundation3", "final\Foundation3\Foundation3.csproj", "{E4E845B2-9941-42D7-803F-F7D50AA8EFD6}"
EndProject
Project("{9A19103F-16F7-4668-BE54-9A1E7A4F7556}") = "Foundation4", "final\Foundation4\Foundation4.csproj", "{8E5EBBBB-7AA4-4B2E-AD3D-91945FA25398}"
EndProject
Project("{2150E333-8FDC-42A3-9474-1A3956D46DE8}") = "prepare", "prepare", "{624F6483-9C6B-4B5D-9D38-FF217BE0D4C8}"
EndProject
Project("{9A19103F-16F7-4668-BE54-9A1E7A4F7556}") = "Learning02", "prepare\Learning02\Learning02.csproj", "{D19019F1-11ED-439C-A29F-382317A47079}"
EndProject
Project("{9A19103F-16F7-4668-BE54-9A1E7A4F7556}") = "Learning03", "prepare\Learning03\Learning03.csproj", "{4DCF78EE-5433-4AB2-B115-143A039C4B64}"
EndProject
Project("{9A19103F-16F7-4668-BE54-9A1E7A4F7556}") = "Learning04", "prepare\Learning04\Learning04.csproj", "{2CBAAA16-9798-486F-AC08-05176A1ACC41}"
EndProject
Project("{9A19103F-16F7-4668-BE54-9A1E7A4F7556}") = "Learning05", "prepare\Learning05\Learning05.csproj", "{E68E2239-BB4C-40BE-92D3-213B8474DC06}"
EndProject
Project("{2150E333-8FDC-42A3-9474-1A3956D46DE8}") = "prove", "prove", "{348AB355-35EC-4D29-8C5C-030077B4FD31}"
EndProject
Project("{9A19103F-16F7-4668-BE54-9A1E7A4F7556}") = "Develop02", "prove\Develop02\Develop02.csproj", "{23B6FA16-4E6B-4D5B-BE94-1C1B11EBD4E7}"
EndProject
Project("{9A19103F-16F7-4668-BE54-9A1E7A4F7556}") = "Develop03", "prove\Develop03\Develop03.csproj", "{6157EDBA-FC23-43C2-AF45-1E809ECD5788}"
EndProject
Project("{9A19103F-16F7-4668-BE54-9A1E7A4F7556}") = "Develop04", "prove\Develop04\Develop04.csproj", "{35FDF2C2-88B5-47E3-984B-42F7778EB9D8}"
EndProject
Project("{9A19103F-16F7-4668-BE54-9A1E7A4F7556}") = "Develop05", "prove\Develop05\Develop05.csproj", "{D37B7C07-D8A2-4922-9A15-E6D8E85BDEB2}"
EndProject
Project("{2150E333-8FDC-42A3-9474-1A3956D46DE8}") = "sandbox", "sandbox", "{83592600-87B5-4548-B1B3-069250DF3C7C}"
EndProject
Project("{9A19103F-16F7-4668-BE54-9A1E7A4F7556}") = "Sandbox", "sandbox\Sandbox\Sandbox.csproj", "{469E6716-683E-46C8-8F9B-6D67F3F95A2E}"
EndProject
Global
	GlobalSection(SolutionConfigurationPlatforms) = preSolution
		Debug|Any CPU = Debug|Any CPU
		Release|Any CPU = Release|Any CPU
	EndGlobalSection
	GlobalSection(ProjectConfigurationPlatforms) = postSolution
		{1F44EC47-8129-485D-A686-212E8C80F31C}.Debug|Any CPU.ActiveCfg = Debug|Any CPU
		{1F44EC47-8129-485D-A686-212E8C80F31C}.Debug|Any CPU.Build.0 = Debug|Any CPU
		{1F44EC47-8129-485D-A686-212E8C80F31C}.Release|Any CPU.ActiveCfg = Release|Any CPU
		{1F44EC47-8129-485D-A686-212E8C80F31C}.Release|Any CPU.Build.0 = Release|Any CPU
		{795CCA1E-2BBF-47FD-8B85-F0DC4607F19C}.Debug|Any CPU.ActiveCfg = Debug|Any CPU
		{795CCA1E-2BBF-47FD-8B85-F0DC4607F19C}.Debug|Any CPU.Build.0 = Debug|Any CPU
		{795CCA1E-2BBF-47FD-8B85-F0DC4607F19C}.Release|Any CPU.ActiveCfg = Release|Any CPU
		{795CCA1E-2BBF-47FD-8B85-F0DC4607F19C}.Release|Any CPU.Build.0 = Release|Any CPU
		{76215491-EB8D-4B8A-B779-09F5E83D9668}.Debug|Any CPU.ActiveCfg = Debug|Any CPU
		{76215491-EB8D-4B8A-B779-09F5E83D9668}.Debug|Any CPU.Build.0 = Debug|Any CPU
		{76215491-EB8D-4B8A-B779-09F5E83D9668}.Release|Any CPU.ActiveCfg = Release|Any CPU
		{76215491-EB8D-4B8A-B779-09F5E83D9668}.Release|Any CPU.Build.0 = Release|Any CPU
		{9EC80A0B-6E3B-4E9A-90B2-750BD913A36E}.Debug|Any CPU.ActiveCfg = Debug|Any CPU
		{9EC80A0B-6E3B-4E9A-90B2-750BD913A36E}.Debug|Any CPU.Build.0 = Debug|Any CPU
		{9EC80A0B-6E3B-4E9A-90B2-750BD913A36E}.Release|Any CPU.ActiveCfg = Release|Any CPU
		{9EC80A0B-6E3B-4E9A-90B2-750BD913A36E}.Release|Any CPU.Build.0 = Release|Any CPU
		{F980136F-3331-4643-B4D9-588D66C09C3B}.Debug|Any CPU.ActiveCfg = Debug|Any CPU
		{F980136F-3331-4643-B4D9-588D66C09C3B}.Debug|Any CPU.Build.0 = Debug|Any CPU
		{F980136F-3331-4643-B4D9-588D66C09C3B}.Release|Any CPU.ActiveCfg = Release|Any CPU
		{F980136F-3331-4643-B4D9-588D66C09C3B}.Release|Any CPU.Build.0 = Release|Any CPU
		{3355B253-338B-4736-9B24-A33E1C9B3FDC}.Debug|Any CPU.ActiveCfg = Debug|Any CPU
		{3355B253-338B-4736-9B24-A33E1C9B3FDC}.Debug|Any CPU.Build.0 = Debug|Any CPU
		{3355B253-338B-4736-9B24-A33E1C9B3FDC}.Release|Any CPU.ActiveCfg = Release|Any CPU
		{3355B253-338B-4736-9B24-A33E1C9B3FDC}.Release|Any CPU.Build.0 = Release|Any CPU
		{3EE0BBA9-9A7F-445B-8E18-041AB4AA7C96}.Debug|Any CPU.ActiveCfg = Debug|Any CPU
		{3EE0BBA9-9A7F-445B-8E18-041AB4AA7C96}.Debug|Any CPU.Build.0 = Debug|Any CPU
		{3EE0BBA9-9A7F-445B-8E18-041AB4AA7C96}.Release|Any CPU.ActiveCfg = Release|Any CPU
		{3EE0BBA9-9A7F-445B-8E18-041AB4AA7C96}.Release|Any CPU.Build.0 = Release|Any CPU
		{A79ED716-2D5E-4CA0-948E-D63E52406E76}.Debug|Any CPU.ActiveCfg = Debug|Any CPU
		{A79ED716-2D5E-4CA0-948E-D63E52406E76}.Debug|Any CPU.Build.0 = Debug|Any CPU
		{A79ED716-2D5E-4CA0-948E-D63E52406E76}.Release|Any CPU.ActiveCfg = Release|Any CPU
		{A79ED716-2D5E-4CA0-948E-D63E52406E76}.Release|Any CPU.Build.0 = Release|Any CPU
		{E4E845B2-9941-42D7-803F-F7D50AA8EFD6}.Debug|Any CPU.ActiveCfg = Debug|Any CPU
		{E4E845B2-9941-42D7-803F-F7D50AA8EFD6}.Debug|Any CPU.Build.0 = Debug|Any CPU
		{E4E845B2-9941-42D7-803F-F7D50AA8EFD6}.Release|Any CPU.ActiveCfg = Release|Any CPU
		{E4E845B2-9941-42D7-803F-F7D50AA8EFD6}.Release|Any CPU.Build.0 = Release|Any CPU
		{8E5EBBBB-7AA4-4B2E-AD3D-91945FA25398}.Debug|Any CPU.ActiveCfg = Debug|Any CPU
		{8E5EBBBB-7AA4-4B2E-AD3D-91945FA25398}.Debug|Any CPU.Build.0 = Debug|Any CPU
		{8E5EBBBB-7AA4-4B2E-AD3D-91945FA25398}.Release|Any CPU.ActiveCfg = Release|Any CPU
		{8E5EBBBB-7AA4-4B2E-AD3D-91945FA25398}.Release|Any CPU.Build.0 = Release|Any CPU
		{D19019F1-11ED-439C-A29F-382317A47079}.Debug|Any CPU.ActiveCfg = Debug|Any CPU
		{D19019F1-11ED-439C-A29F-382317A47079}.Debug|Any CPU.Build.0 = Debug|Any CPU
		{D19019F1-11ED-439C-A29F-382317A47079}.Release|Any CPU.ActiveCfg = Release|Any CPU
		{D19019F1-11ED-439C-A29F-382317A47079}.Release|Any CPU.Build.0 = Release|Any CPU
		{4DCF78EE-5433-4AB2-B115-143A039C4B64}.Debug|Any CPU.ActiveCfg = Debug|Any CPU
		{4DCF78EE-5433-4AB2-B115-143A039C4B64}.Debug|Any CPU.Build.0 = Debug|Any CPU
		{4DCF78EE-5433-4AB2-B115-143A039C4B64}.Release|Any CPU.ActiveCfg = Release|Any CPU
		{4DCF78EE-5433-4AB2-B115-143A039C4B64}.Release|Any CPU.Build.0 = Release|Any CPU
		{2CBAAA16-9798-486F-AC08-05176A1ACC41}.Debug|Any CPU.ActiveCfg = Debug|Any CPU
		{2CBAAA16-9798-486F-AC08-05176A1ACC41}.Debug|Any CPU.Build.0 = Debug|Any CPU
		{2CBAAA16-9798-486F-AC08-05176A1ACC41}.Release|Any CPU.ActiveCfg = Release|Any CPU
		{2CBAAA16-9798-486F-AC08-05176A1ACC41}.Release|Any CPU.Build.0 = Release|Any CPU
		{E68E2239-BB4C-40BE-92D3-213B8474DC06}.Debug|Any CPU.ActiveCfg = Debug|Any CPU
		{E68E2239-BB4C-40BE-92D3-213B8474DC06}.Debug|Any CPU.Build.0 = Debug|Any CPU
		{E68E2239-BB4C-40BE-92D3-213B8474DC06}.Release|Any CPU.ActiveCfg = Release|Any CPU
		{E68E2239-BB4C-40BE-92D3-213B8474DC06}.Release|Any CPU.Build.0 = Release|Any CPU
		{23B6FA16-4E6B-4D5B-BE94-1C1B11EBD4E7}.Debug|Any CPU.ActiveCfg = Debug|Any CPU
		{23B6FA16-4E6B-4D5B-BE94-1C1B11EBD4E7}.Debug|Any CPU.Build.0 = Debug|Any CPU
		{23B6FA16-4E6B-4D5B-BE94-1C1B11EBD4E7}.Release|Any CPU.ActiveCfg = Release|Any CPU
		{23B6FA16-4E6B-4D5B-BE94-1C1B11EBD4E7}.Release|Any CPU.Build.0 = Release|Any CPU
		{6157EDBA-FC23-43C2-AF45-1E809ECD5788}.Debug|Any CPU.ActiveCfg = Debug|Any CPU
		{6157EDBA-FC23-43C2-AF45-1E809ECD5788}.Debug|Any CPU.Build.0 = Debug|Any CPU
		{6157EDBA-FC23-43C2-AF45-1E809ECD5788}.Release|Any CPU.ActiveCfg = Release|Any CPU
		{6157EDBA-FC23-43C2-AF45-1E809ECD5788}.Release|Any CPU.Build.0 = Release|Any CPU
		{35FDF2C2-88B5-47E3-984B-42F7778EB9D8}.Debug|Any CPU.ActiveCfg = Debug|Any CPU
		{35FDF2C2-88B5-47E3-984B-42F7778EB9D8}.Debug|Any CPU.Build.0 = Debug|Any CPU
		{35FDF2C2-88B5-47E3-984B-42F7778EB9D8}.Release|Any CPU.ActiveCfg = Release|Any CPU
		{35FDF2C2-88B5-47E3-984B-42F7778EB9D8}.Release|Any CPU.Build.0 = Release|Any CPU
		{D37B7C07-D8A2-4922-9A15-E6D8E85BDEB2}.Debug|Any CPU.ActiveCfg = Debug|Any CPU
		{D37B7C07-D8A2-4922-9A15-E6D8E85BDEB2}.Debug|Any CPU.Build.0 = Debug|Any CPU
		{D37B7C07-D8A2-4922-9A15-E6D8E85BDEB2}.Release|Any CPU.ActiveCfg = Release|Any CPU
		{D37B7C07-D8A2-4922-9A15-E6D8E85BDEB2}.Release|Any CPU.Build.0 = Release|Any CPU
		{469E6716-683E-46C8-8F9B-6D67F3F95A2E}.Debug|Any CPU.ActiveCfg = Debug|Any CPU
		{469E6716-683E-46C8-8F9B-6D67F3F95A2E}.Debug|Any CPU.Build.0 = Debug|Any CPU
		{469E6716-683E-46C8-8F9B-6D67F3F95A2E}.Release|Any CPU.ActiveCfg = Release|Any CPU
		{469E6716-683E-46C8-8F9B-6D67F3F95A2E}.Release|Any CPU.Build.0 = Release|Any CPU
	EndGlobalSection
	GlobalSection(SolutionProperties) = preSolution
		HideSolutionNode = FALSE
	EndGlobalSection
	GlobalSection(NestedProjects) = preSolution
		{1F44EC47-8129-485D-A686-212E8C80F31C} = {5D858010-8DF7-4050-9884-C43365C6C92E}
		{795CCA1E-2BBF-47FD-8B85-F0DC4607F19C} = {5D858010-8DF7-4050-9884-C43365C6C92E}
		{76215491-EB8D-4B8A-B779-09F5E83D9668} = {5D858010-8DF7-4050-9884-C43365C6C92E}
		{9EC80A0B-6E3B-4E9A-90B2-750BD913A36E} = {5D858010-8DF7-4050-9884-C43365C6C92E}
		{F980136F-3331-4643-B4D9-588D66C09C3B} = {5D858010-8DF7-4050-9884-C43365C6C92E}
		{3355B253-338B-4736-9B24-A33E1C9B3FDC} = {01F12CF9-ADD7-426D-9E24-72B333C30BAB}
		{3EE0BBA9-9A7F-445B-8E18-041AB4AA7C96} = {01F12CF9-ADD7-426D-9E24-72B333C30BAB}
		{A79ED716-2D5E-4CA0-948E-D63E52406E76} = {01F12CF9-ADD7-426D-9E24-72B333C30BAB}
		{E4E845B2-9941-42D7-803F-F7D50AA8EFD6} = {01F12CF9-ADD7-426D-9E24-72B333C30BAB}
		{8E5EBBBB-7AA4-4B2E-AD3D-91945FA25398} = {01F12CF9-ADD7-426D-9E24-72B333C30BAB}
		{D19019F1-11ED-439C-A29F-382317A47079} = {624F6483-9C6B-4B5D-9D38-FF217BE0D4C8}
		{4DCF78EE-5433-4AB2-B115-143A039C4B64} = {624F6483-9C6B-4B5D-9D38-FF217BE0D4C8}
		{2CBAAA16-9798-486F-AC08-05176A1ACC41} = {624F6483-9C6B-4B5D-9D38-FF217BE0D4C8}
		{E68E2239-BB4C-40BE-92D3-213B8474DC06} = {624F6483-9C6B-4B5D-9D38-FF217BE0D4C8}
		{23B6FA16-4E6B-4D5B-BE94-1C1B11EBD4E7} = {348AB355-35EC-4D29-8C5C-030077B4FD31}
		{6157EDBA-FC23-43C2-AF45-1E809ECD5788} = {348AB355-35EC-4D29-8C5C-030077B4FD31}
		{35FDF2C2-88B5-47E3-984B-42F7778EB9D8} = {348AB355-35EC-4D29-8C5C-030077B4FD31}
		{D37B7C07-D8A2-4922-9A15-E6D8E85BDEB2} = {348AB355-35EC-4D29-8C5C-030077B4FD31}
		{469E6716-683E-46C8-8F9B-6D67F3F95A2E} = {83592600-87B5-4548-B1B3-069250DF3C7C}
	EndGlobalSection
	GlobalSection(ExtensibilityGlobals) = postSolution
		SolutionGuid = {F7C5C3FD-6721-4EC7-8469-CAF9368E853B}
	EndGlobalSection
EndGlobal
